{
  "name": "useknockout-explainer",
  "lockfileVersion": 3,
  "requires": true,
  "packages": {
    "": {
      "name": "useknockout-explainer",
      "dependencies": {
        "@fontsource/inter": "5.2.5",
        "@fontsource/jetbrains-mono": "5.2.5",
        "gsap": "3.13.0"
      }
    },
    "node_modules/@fontsource/inter": {
      "version": "5.2.5",
      "resolved": "https://registry.npmjs.org/@fontsource/inter/-/inter-5.2.5.tgz",
      "integrity": "sha512-kbsPKj0S4p44JdYRFiW78Td8Ge2sBVxi/PIBwmih+RpSXUdvS9nbs1HIiuUSPtRMi14CqLEZ/fbk7dj7vni1Sg==",
      "license": "OFL-1.1",
      "funding": {
        "url": "https://github.com/sponsors/ayuhito"
      }
    },
    "node_modules/@fontsource/jetbrains-mono": {
      "version": "5.2.5",
      "resolved": "https://registry.npmjs.org/@fontsource/jetbrains-mono/-/jetbrains-mono-5.2.5.tgz",
      "integrity": "sha512-TPZ9b/uq38RMdrlZZkl0RwN8Ju9JxuqMETrw76pUQFbGtE1QbwQaNsLlnUrACNNBNbd0NZRXiJJSkC8ajPgbew==",
      "license": "OFL-1.1",
      "funding": {
        "url": "https://github.com/sponsors/ayuhito"
      }
    },
    "node_modules/gsap": {
      "version": "3.13.0",
      "resolved": "https://registry.npmjs.org/gsap/-/gsap-3.13.0.tgz",
      "integrity": "sha512-QL7MJ2WMjm1PHWsoFrAQH/J8wUeqZvMtHO58qdekHpCfhvhSL4gSiz6vJf5EeMP0LOn3ZCprL2ki/gjED8ghVw==",
      "license": "Standard 'no charge' license: https://gsap.com/standard-license."
    }
  }
}
